
Microsoft Visual Studio Solution File, Format Version 12.00
# Visual Studio 15
VisualStudioVersion = 15.0.28307.1758
MinimumVisualStudioVersion = 10.0.40219.1
Project("{FAE04EC0-301F-11D3-BF4B-00C04F79EFBC}") = "APIIntroducao", "APIIntroducao\APIIntroducao.csproj", "{6B0B2626-8589-4861-8FF2-51688DCA2213}"
EndProject
Global
	GlobalSection(SolutionConfigurationPlatforms) = preSolution
		Debug|Any CPU = Debug|Any CPU
		Release|Any CPU = Release|Any CPU
	EndGlobalSection
	GlobalSection(ProjectConfigurationPlatforms) = postSolution
		{6B0B2626-8589-4861-8FF2-51688DCA2213}.Debug|Any CPU.ActiveCfg = Debug|Any CPU
		{6B0B2626-8589-4861-8FF2-51688DCA2213}.Debug|Any CPU.Build.0 = Debug|Any CPU
		{6B0B2626-8589-4861-8FF2-51688DCA2213}.Release|Any CPU.ActiveCfg = Release|Any CPU
		{6B0B2626-8589-4861-8FF2-51688DCA2213}.Release|Any CPU.Build.0 = Release|Any CPU
	EndGlobalSection
	GlobalSection(SolutionProperties) = preSolution
		HideSolutionNode = FALSE
	EndGlobalSection
	GlobalSection(ExtensibilityGlobals) = postSolution
		SolutionGuid = {3723AD4F-EB25-4D28-BAC8-08C104BC94E0}
	EndGlobalSection
EndGlobal
